
Microsoft Visual Studio Solution File, Format Version 12.00
# Visual Studio Version 16
VisualStudioVersion = 16.0.29926.136
MinimumVisualStudioVersion = 10.0.40219.1
Project("{F184B08F-C81C-45F6-A57F-5ABD9991F28F}") = "SortVisualiser", "SortVisualiser\SortVisualiser.vbproj", "{BA92F9E6-60F0-4DA2-AC94-B5F48C39821D}"
EndProject
Global
	GlobalSection(SolutionConfigurationPlatforms) = preSolution
		Debug|Any CPU = Debug|Any CPU
		Release|Any CPU = Release|Any CPU
	EndGlobalSection
	GlobalSection(ProjectConfigurationPlatforms) = postSolution
		{BA92F9E6-60F0-4DA2-AC94-B5F48C39821D}.Debug|Any CPU.ActiveCfg = Debug|Any CPU
		{BA92F9E6-60F0-4DA2-AC94-B5F48C39821D}.Debug|Any CPU.Build.0 = Debug|Any CPU
		{BA92F9E6-60F0-4DA2-AC94-B5F48C39821D}.Release|Any CPU.ActiveCfg = Release|Any CPU
		{BA92F9E6-60F0-4DA2-AC94-B5F48C39821D}.Release|Any CPU.Build.0 = Release|Any CPU
	EndGlobalSection
	GlobalSection(SolutionProperties) = preSolution
		HideSolutionNode = FALSE
	EndGlobalSection
	GlobalSection(ExtensibilityGlobals) = postSolution
		SolutionGuid = {804A9EEC-B29E-4814-BB57-38D4506FD38F}
	EndGlobalSection
EndGlobal
